name: circtools padlock (pip)

on:
  workflow_run:
    workflows: ["API Health Check"]
    types: [completed]


concurrency:
  group: ci-tests-${{ github.workflow }}-${{ github.ref }}
  cancel-in-progress: true


jobs:
  Main:
    runs-on: ${{ matrix.os }}
    strategy:
      fail-fast: false
      matrix:
        os: [ macos-14, macos-15, macos-15-intel, macos-26, ubuntu-22.04, ubuntu-24.04 ]
        R: ['4.4.0', '4.5.1']
        python-version: ["3.8","3.13"]
    name: R ${{ matrix.R }} | Python ${{ matrix.python-version }} | ${{ matrix.os }}
    steps:
    - name: Create files
      uses: actions/checkout@v4
      with:
       ref: ${{ github.ref_name }}
    - name: Set up Python
      uses: actions/setup-python@v5
      with:
        python-version: ${{ matrix.python-version }}
        cache: ''
    - name: Updating setuptools
      run: |
         python3 -m pip install -U pip setuptools
    - name: Install build tools and fix ARCHFLAGS for macOS Intel
      if: matrix.os == 'macos-15-intel'
      run: |
        echo "Applying macOS Intel-specific build setup"
        sudo xcode-select --switch /Applications/Xcode.app/Contents/Developer || true
        brew install xz pkg-config make autoconf automake libtool || true
        export LDFLAGS="-L/opt/homebrew/lib"
        export CPPFLAGS="-I/opt/homebrew/include"
        export ARCHFLAGS="-arch x86_64"
        # Disable LZMA if headers still not found
        export HTSLIB_CONFIGURE_OPTIONS="--disable-lzma"
        python3 -m pip install -v ./

    - name: Install dependencies on macOS ARM
      if: startsWith(matrix.os, 'macos-15') || matrix.os == 'macos-26'
      run: |
        brew install xz pkg-config || true
        python3 -m pip install ./

    - name: Install dependencies on macOS 14
      if: matrix.os == 'macos-14'
      run: |
        brew install xz pkg-config || true
        python3 -m pip install ./

    - name: Install Linux dependencies
      if: startsWith(matrix.os, 'ubuntu-')
      run: |
        sudo apt-get update
        sudo apt-get install -y \
            make g++ zlib1g-dev \
            libblas-dev libatlas-base-dev liblapack-dev \
            libcurl4-openssl-dev libssl-dev libxml2-dev \
            libfontconfig1-dev libharfbuzz-dev libfribidi-dev \
            libfreetype6-dev libpng-dev libtiff5-dev libjpeg-dev
        python3 -m pip install ./

    - name: Set up R
      id: setup-r
      uses: r-lib/actions/setup-r@v2
      with:
        r-version: ${{ matrix.R }}
        use-public-rspm: false
      continue-on-error: true

    - name: Retry Set up R if failed
      if: steps.setup-r.outcome == 'failure'
      uses: r-lib/actions/setup-r@v2
      with:
        r-version: ${{ matrix.R }}
        use-public-rspm: false

    
    - name: Install R dependencies (with retry, prefer binaries)
      uses: nick-fields/retry@v3
      with:
        timeout_minutes: 40  
        max_attempts: 3
        retry_on: error
        command: |
          # Configure CRAN binaries on Linux runners
          if [ "$RUNNER_OS" = "Linux" ]; then
            UBUNTU_VERSION=$(lsb_release -cs)  # e.g. jammy, noble
            echo "options(repos = c(RSPM = sprintf('https://packagemanager.posit.co/cran/__linux__/%s/latest', '$UBUNTU_VERSION')))" >> ~/.Rprofile
          fi

          # Run your dependency installer
          Rscript circtools/scripts/install_R_dependencies.R $(pwd)
      env:
        GITHUB_PAT: ${{ secrets.GITHUB_TOKEN }}




   
    - name: Checking library loading
      run: Rscript -e 'library(primex)'
    - name: Check if circtools starts
      run: |
         circtools --version
         which circtools


    - name: Fix zcat on macOS
      if: runner.os == 'macOS'
      run: |
        sudo ln -sf $(which gzcat) /usr/local/bin/zcat

    - name: Install bedtools (with retry, build from source)
      uses: nick-fields/retry@v3
      with:
        timeout_minutes: 30
        max_attempts: 3
        retry_on: error
        command: |
          if [ "$RUNNER_OS" = "Linux" ]; then
            wget https://github.com/arq5x/bedtools2/releases/download/v2.31.1/bedtools-2.31.1.tar.gz
            tar -xzf bedtools-2.31.1.tar.gz
            cd bedtools2
            make -j4
            sudo cp bin/* /usr/local/bin/
          
          elif [ "$RUNNER_OS" = "macOS" ]; then
            # Skip Homebrew update if network is unreliable
            brew update || echo "brew update failed — continuing with install"
            brew install make zlib || true
            wget https://github.com/arq5x/bedtools2/releases/download/v2.31.1/bedtools-2.31.1.tar.gz
            tar -xzf bedtools-2.31.1.tar.gz
            cd bedtools2
            make -j4
            sudo cp bin/* /usr/local/bin/
          
          else
            echo "Unsupported OS: $RUNNER_OS" >&2
            exit 1
          fi
      env:
        GITHUB_PAT: ${{ secrets.GITHUB_TOKEN }}

    - name: Unpack test dataset
      run: |
        tar xvf ./tests/data/circtools_example.tar.bz2
        cd circtools_example

        if [ -f genome.fa.gz ]; then 
          echo "Decompressing genome.fa.gz..."
          gunzip -f genome.fa.gz
        fi
        if [ -f annotation.gtf.gz ]; then 
          echo "Decompressing annotation.gtf.gz..."
          gunzip -f annotation.gtf.gz
        fi

        echo "Checking for expected files:"
        ls -lh genome.fa annotation.gtf || true

    - name: Run padlock
      run: |
        cd circtools_example
        mkdir -p padlock_output
        circtools padlock \
          -f ./genome.fa \
          -g ./annotation.gtf \
          -O mm \
          -G Slc16a9 \
          -T Slc16a9_padlock_design \
          -r 1 \
          -b \
          -o ./padlock_output
      env:
        R_LIBS_USER: ~/R/library


    - name: Checking generated output against master output
      run: |
        cd circtools_example/padlock_output
        ls -la
        wc -l *

        if [ "$RUNNER_OS" = "Linux" ]; then
          MASTER_DIR="../padlock_output_master"
        elif [ "$RUNNER_OS" = "macOS" ] && [ "${{ matrix.os }}" = "macos-13" ]; then
          MASTER_DIR="../padlock_output_master_mac_amd"
        elif [ "$RUNNER_OS" = "macOS" ]; then
          MASTER_DIR="../padlock_output_master_mac"
        else
          echo "Unsupported OS: $RUNNER_OS" >&2
          exit 1
        fi

        diff Slc16a9_padlock_design_linear_FSJ.csv "$MASTER_DIR/Slc16a9_padlock_design_linear_FSJ.csv"
        if [ "$RUNNER_OS" = "Linux" ]; then
          sha1sum -c "$MASTER_DIR/sha1sums.txt"
        else
          shasum -a 1 -c "$MASTER_DIR/sha1sums.txt"
        fi

